
Microsoft Visual Studio Solution File, Format Version 12.00
# Visual Studio Version 16
VisualStudioVersion = 16.0.34114.132
MinimumVisualStudioVersion = 10.0.40219.1
Project("{8BC9CEB8-8B4A-11D0-8D11-00A0C91BC942}") = "chuli", "chuli\chuli.vcxproj", "{D8C4A220-4A2C-4D05-9DD9-0305E42F069C}"
EndProject
Global
	GlobalSection(SolutionConfigurationPlatforms) = preSolution
		Debug|x64 = Debug|x64
		Debug|x86 = Debug|x86
		Release|x64 = Release|x64
		Release|x86 = Release|x86
	EndGlobalSection
	GlobalSection(ProjectConfigurationPlatforms) = postSolution
		{D8C4A220-4A2C-4D05-9DD9-0305E42F069C}.Debug|x64.ActiveCfg = Debug|x64
		{D8C4A220-4A2C-4D05-9DD9-0305E42F069C}.Debug|x64.Build.0 = Debug|x64
		{D8C4A220-4A2C-4D05-9DD9-0305E42F069C}.Debug|x86.ActiveCfg = Debug|Win32
		{D8C4A220-4A2C-4D05-9DD9-0305E42F069C}.Debug|x86.Build.0 = Debug|Win32
		{D8C4A220-4A2C-4D05-9DD9-0305E42F069C}.Release|x64.ActiveCfg = Release|x64
		{D8C4A220-4A2C-4D05-9DD9-0305E42F069C}.Release|x64.Build.0 = Release|x64
		{D8C4A220-4A2C-4D05-9DD9-0305E42F069C}.Release|x86.ActiveCfg = Release|Win32
		{D8C4A220-4A2C-4D05-9DD9-0305E42F069C}.Release|x86.Build.0 = Release|Win32
	EndGlobalSection
	GlobalSection(SolutionProperties) = preSolution
		HideSolutionNode = FALSE
	EndGlobalSection
	GlobalSection(ExtensibilityGlobals) = postSolution
		SolutionGuid = {072182C0-3468-48C9-8FB5-E0B08D6710BE}
	EndGlobalSection
EndGlobal
